
Microsoft Visual Studio Solution File, Format Version 12.00
# Visual Studio Version 16
VisualStudioVersion = 16.0.32002.261
MinimumVisualStudioVersion = 10.0.40219.1
Project("{FAE04EC0-301F-11D3-BF4B-00C04F79EFBC}") = "BankApplication", "BankApplication\BankApplication.csproj", "{D5DC65FB-479C-4444-80C7-05AC12B108D0}"
EndProject
Global
	GlobalSection(SolutionConfigurationPlatforms) = preSolution
		Debug|Any CPU = Debug|Any CPU
		Release|Any CPU = Release|Any CPU
	EndGlobalSection
	GlobalSection(ProjectConfigurationPlatforms) = postSolution
		{D5DC65FB-479C-4444-80C7-05AC12B108D0}.Debug|Any CPU.ActiveCfg = Debug|Any CPU
		{D5DC65FB-479C-4444-80C7-05AC12B108D0}.Debug|Any CPU.Build.0 = Debug|Any CPU
		{D5DC65FB-479C-4444-80C7-05AC12B108D0}.Release|Any CPU.ActiveCfg = Release|Any CPU
		{D5DC65FB-479C-4444-80C7-05AC12B108D0}.Release|Any CPU.Build.0 = Release|Any CPU
	EndGlobalSection
	GlobalSection(SolutionProperties) = preSolution
		HideSolutionNode = FALSE
	EndGlobalSection
	GlobalSection(ExtensibilityGlobals) = postSolution
		SolutionGuid = {E52E0435-E3B3-462D-B701-36C6AB69B2B2}
	EndGlobalSection
EndGlobal
